github.com/MicahParks/go-ad v0.0.7 h1:ezHnpexRh7p6LxPm+WGL9EGhME0HYdGKs0QqSZQhQ3M=
github.com/MicahParks/go-ad v0.0.7/go.mod h1:sz7bshpy9zrPMWHqqbh7Ycy4hOoCeqMA+isVlXJQs1A=
github.com/MicahParks/go-ma v0.1.0 h1:2FgOPmeyQnZDOte/3B/mo68RrDqw9uv9T/Zq/3O41MA=
github.com/MicahParks/go-ma v0.1.0/go.mod h1:JmhEB8OkaIHWjvYdps5A2K0fxiW5eT5I2KQ7n3hssw0=
