github.com/MicahParks/go-ad v0.0.2 h1:Xz8UM95vrgjUXlioS8WQXkcnKF9PDMM2frvvauYXHsU=
github.com/MicahParks/go-ad v0.0.2/go.mod h1:sz7bshpy9zrPMWHqqbh7Ycy4hOoCeqMA+isVlXJQs1A=
github.com/MicahParks/go-ma v0.1.0 h1:2FgOPmeyQnZDOte/3B/mo68RrDqw9uv9T/Zq/3O41MA=
github.com/MicahParks/go-ma v0.1.0/go.mod h1:JmhEB8OkaIHWjvYdps5A2K0fxiW5eT5I2KQ7n3hssw0=
